
Microsoft Visual Studio Solution File, Format Version 12.00
# Visual Studio Version 17
VisualStudioVersion = 17.14.36717.8 d17.14
MinimumVisualStudioVersion = 10.0.40219.1
Project("{FAE04EC0-301F-11D3-BF4B-00C04F79EFBC}") = "Lab08", "Lab08\Lab08.csproj", "{A1B89777-8FDC-432D-BB1C-206B2BF4DA50}"
EndProject
Global
	GlobalSection(SolutionConfigurationPlatforms) = preSolution
		Debug|Any CPU = Debug|Any CPU
		Release|Any CPU = Release|Any CPU
	EndGlobalSection
	GlobalSection(ProjectConfigurationPlatforms) = postSolution
		{A1B89777-8FDC-432D-BB1C-206B2BF4DA50}.Debug|Any CPU.ActiveCfg = Debug|Any CPU
		{A1B89777-8FDC-432D-BB1C-206B2BF4DA50}.Debug|Any CPU.Build.0 = Debug|Any CPU
		{A1B89777-8FDC-432D-BB1C-206B2BF4DA50}.Release|Any CPU.ActiveCfg = Release|Any CPU
		{A1B89777-8FDC-432D-BB1C-206B2BF4DA50}.Release|Any CPU.Build.0 = Release|Any CPU
	EndGlobalSection
	GlobalSection(SolutionProperties) = preSolution
		HideSolutionNode = FALSE
	EndGlobalSection
	GlobalSection(ExtensibilityGlobals) = postSolution
		SolutionGuid = {6169A9E6-376D-4F78-905D-EEB48B137A02}
	EndGlobalSection
EndGlobal
